// !$*UTF8*$!
{
	archiveVersion = 1;
	classes = {
	};
	objectVersion = 50;
	objects = {

/* Begin PBXBuildFile section */
		E5AD4D37248780E30024F465 /* AppDelegate.swift in Sources */ = {isa = PBXBuildFile; fileRef = E5AD4D36248780E30024F465 /* AppDelegate.swift */; };
		E5AD4D39248780E30024F465 /* SceneDelegate.swift in Sources */ = {isa = PBXBuildFile; fileRef = E5AD4D38248780E30024F465 /* SceneDelegate.swift */; };
		E5AD4D3B248780E30024F465 /* ViewController.swift in Sources */ = {isa = PBXBuildFile; fileRef = E5AD4D3A248780E30024F465 /* ViewController.swift */; };
		E5AD4D3E248780E30024F465 /* Main.storyboard in Resources */ = {isa = PBXBuildFile; fileRef = E5AD4D3C248780E30024F465 /* Main.storyboard */; };
		E5AD4D40248780E60024F465 /* Assets.xcassets in Resources */ = {isa = PBXBuildFile; fileRef = E5AD4D3F248780E60024F465 /* Assets.xcassets */; };
		E5AD4D43248780E60024F465 /* LaunchScreen.storyboard in Resources */ = {isa = PBXBuildFile; fileRef = E5AD4D41248780E60024F465 /* LaunchScreen.storyboard */; };
		E5AD4D4B2487AED20024F465 /* ChildViewController.swift in Sources */ = {isa = PBXBuildFile; fileRef = E5AD4D4A2487AED20024F465 /* ChildViewController.swift */; };
/* End PBXBuildFile section */

/* Begin PBXFileReference section */
		E5AD4D33248780E30024F465 /* Child Controllers.app */ = {isa = PBXFileReference; explicitFileType = wrapper.application; includeInIndex = 0; path = "Child Controllers.app"; sourceTree = BUILT_PRODUCTS_DIR; };
		E5AD4D36248780E30024F465 /* AppDelegate.swift */ = {isa = PBXFileReference; lastKnownFileType = sourcecode.swift; path = AppDelegate.swift; sourceTree = "<group>"; };
		E5AD4D38248780E30024F465 /* SceneDelegate.swift */ = {isa = PBXFileReference; lastKnownFileType = sourcecode.swift; path = SceneDelegate.swift; sourceTree = "<group>"; };
		E5AD4D3A248780E30024F465 /* ViewController.swift */ = {isa = PBXFileReference; lastKnownFileType = sourcecode.swift; path = ViewController.swift; sourceTree = "<group>"; };
		E5AD4D3D248780E30024F465 /* Base */ = {isa = PBXFileReference; lastKnownFileType = file.storyboard; name = Base; path = Base.lproj/Main.storyboard; sourceTree = "<group>"; };
		E5AD4D3F248780E60024F465 /* Assets.xcassets */ = {isa = PBXFileReference; lastKnownFileType = folder.assetcatalog; path = Assets.xcassets; sourceTree = "<group>"; };
		E5AD4D42248780E60024F465 /* Base */ = {isa = PBXFileReference; lastKnownFileType = file.storyboard; name = Base; path = Base.lproj/LaunchScreen.storyboard; sourceTree = "<group>"; };
		E5AD4D44248780E60024F465 /* Info.plist */ = {isa = PBXFileReference; lastKnownFileType = text.plist.xml; path = Info.plist; sourceTree = "<group>"; };
		E5AD4D4A2487AED20024F465 /* ChildViewController.swift */ = {isa = PBXFileReference; lastKnownFileType = sourcecode.swift; path = ChildViewController.swift; sourceTree = "<group>"; };
/* End PBXFileReference section */

/* Begin PBXFrameworksBuildPhase section */
		E5AD4D30248780E30024F465 /* Frameworks */ = {
			isa = PBXFrameworksBuildPhase;
			buildActionMask = 2147483647;
			files = (
			);
			runOnlyForDeploymentPostprocessing = 0;
		};
/* End PBXFrameworksBuildPhase section */

/* Begin PBXGroup section */
		E5AD4D2A248780E30024F465 = {
			isa = PBXGroup;
			children = (
				E5AD4D35248780E30024F465 /* Child Controllers */,
				E5AD4D34248780E30024F465 /* Products */,
			);
			sourceTree = "<group>";
		};
		E5AD4D34248780E30024F465 /* Products */ = {
			isa = PBXGroup;
			children = (
				E5AD4D33248780E30024F465 /* Child Controllers.app */,
			);
			name = Products;
			sourceTree = "<group>";
		};
		E5AD4D35248780E30024F465 /* Child Controllers */ = {
			isa = PBXGroup;
			children = (
				E5AD4D36248780E30024F465 /* AppDelegate.swift */,
				E5AD4D38248780E30024F465 /* SceneDelegate.swift */,
				E5AD4D4A2487AED20024F465 /* ChildViewController.swift */,
				E5AD4D3A248780E30024F465 /* ViewController.swift */,
				E5AD4D3C248780E30024F465 /* Main.storyboard */,
				E5AD4D3F248780E60024F465 /* Assets.xcassets */,
				E5AD4D41248780E60024F465 /* LaunchScreen.storyboard */,
				E5AD4D44248780E60024F465 /* Info.plist */,
			);
			path = "Child Controllers";
			sourceTree = "<group>";
		};
/* End PBXGroup section */

/* Begin PBXNativeTarget section */
		E5AD4D32248780E30024F465 /* Child Controllers */ = {
			isa = PBXNativeTarget;
			buildConfigurationList = E5AD4D47248780E60024F465 /* Build configuration list for PBXNativeTarget "Child Controllers" */;
			buildPhases = (
				E5AD4D2F248780E30024F465 /* Sources */,
				E5AD4D30248780E30024F465 /* Frameworks */,
				E5AD4D31248780E30024F465 /* Resources */,
			);
			buildRules = (
			);
			dependencies = (
			);
			name = "Child Controllers";
			productName = "Child Controllers";
			productReference = E5AD4D33248780E30024F465 /* Child Controllers.app */;
			productType = "com.apple.product-type.application";
		};
/* End PBXNativeTarget section */

/* Begin PBXProject section */
		E5AD4D2B248780E30024F465 /* Project object */ = {
			isa = PBXProject;
			attributes = {
				LastSwiftUpdateCheck = 1130;
				LastUpgradeCheck = 1130;
				ORGANIZATIONNAME = "Sajal Kaushik";
				TargetAttributes = {
					E5AD4D32248780E30024F465 = {
						CreatedOnToolsVersion = 11.3.1;
					};
				};
			};
			buildConfigurationList = E5AD4D2E248780E30024F465 /* Build configuration list for PBXProject "Child Controllers" */;
			compatibilityVersion = "Xcode 9.3";
			developmentRegion = en;
			hasScannedForEncodings = 0;
			knownRegions = (
				en,
				Base,
			);
			mainGroup = E5AD4D2A248780E30024F465;
			productRefGroup = E5AD4D34248780E30024F465 /* Products */;
			projectDirPath = "";
			projectRoot = "";
			targets = (
				E5AD4D32248780E30024F465 /* Child Controllers */,
			);
		};
/* End PBXProject section */

/* Begin PBXResourcesBuildPhase section */
		E5AD4D31248780E30024F465 /* Resources */ = {
			isa = PBXResourcesBuildPhase;
			buildActionMask = 2147483647;
			files = (
				E5AD4D43248780E60024F465 /* LaunchScreen.storyboard in Resources */,
				E5AD4D40248780E60024F465 /* Assets.xcassets in Resources */,
				E5AD4D3E248780E30024F465 /* Main.storyboard in Resources */,
			);
			runOnlyForDeploymentPostprocessing = 0;
		};
/* End PBXResourcesBuildPhase section */

/* Begin PBXSourcesBuildPhase section */
		E5AD4D2F248780E30024F465 /* Sources */ = {
			isa = PBXSourcesBuildPhase;
			buildActionMask = 2147483647;
			files = (
				E5AD4D3B248780E30024F465 /* ViewController.swift in Sources */,
				E5AD4D37248780E30024F465 /* AppDelegate.swift in Sources */,
				E5AD4D39248780E30024F465 /* SceneDelegate.swift in Sources */,
				E5AD4D4B2487AED20024F465 /* ChildViewController.swift in Sources */,
			);
			runOnlyForDeploymentPostprocessing = 0;
		};
/* End PBXSourcesBuildPhase section */

/* Begin PBXVariantGroup section */
		E5AD4D3C248780E30024F465 /* Main.storyboard */ = {
			isa = PBXVariantGroup;
			children = (
				E5AD4D3D248780E30024F465 /* Base */,
			);
			name = Main.storyboard;
			sourceTree = "<group>";
		};
		E5AD4D41248780E60024F465 /* LaunchScreen.storyboard */ = {
			isa = PBXVariantGroup;
			children = (
				E5AD4D42248780E60024F465 /* Base */,
			);
			name = LaunchScreen.storyboard;
			sourceTree = "<group>";
		};
/* End PBXVariantGroup section */

/* Begin XCBuildConfiguration section */
		E5AD4D45248780E60024F465 /* Debug */ = {
			isa = XCBuildConfiguration;
			buildSettings = {
				ALWAYS_SEARCH_USER_PATHS = NO;
				CLANG_ANALYZER_NONNULL = YES;
				CLANG_ANALYZER_NUMBER_OBJECT_CONVERSION = YES_AGGRESSIVE;
				CLANG_CXX_LANGUAGE_STANDARD = "gnu++14";
				CLANG_CXX_LIBRARY = "libc++";
				CLANG_ENABLE_MODULES = YES;
				CLANG_ENABLE_OBJC_ARC = YES;
				CLANG_ENABLE_OBJC_WEAK = YES;
				CLANG_WARN_BLOCK_CAPTURE_AUTORELEASING = YES;
				CLANG_WARN_BOOL_CONVERSION = YES;
				CLANG_WARN_COMMA = YES;
				CLANG_WARN_CONSTANT_CONVERSION = YES;
				CLANG_WARN_DEPRECATED_OBJC_IMPLEMENTATIONS = YES;
				CLANG_WARN_DIRECT_OBJC_ISA_USAGE = YES_ERROR;
				CLANG_WARN_DOCUMENTATION_COMMENTS = YES;
				CLANG_WARN_EMPTY_BODY = YES;
				CLANG_WARN_ENUM_CONVERSION = YES;
				CLANG_WARN_INFINITE_RECURSION = YES;
				CLANG_WARN_INT_CONVERSION = YES;
				CLANG_WARN_NON_LITERAL_NULL_CONVERSION = YES;
				CLANG_WARN_OBJC_IMPLICIT_RETAIN_SELF = YES;
				CLANG_WARN_OBJC_LITERAL_CONVERSION = YES;
				CLANG_WARN_OBJC_ROOT_CLASS = YES_ERROR;
				CLANG_WARN_RANGE_LOOP_ANALYSIS = YES;
				CLANG_WARN_STRICT_PROTOTYPES = YES;
				CLANG_WARN_SUSPICIOUS_MOVE = YES;
				CLANG_WARN_UNGUARDED_AVAILABILITY = YES_AGGRESSIVE;
				CLANG_WARN_UNREACHABLE_CODE = YES;
				CLANG_WARN__DUPLICATE_METHOD_MATCH = YES;
				COPY_PHASE_STRIP = NO;
				DEBUG_INFORMATION_FORMAT = dwarf;
				ENABLE_STRICT_OBJC_MSGSEND = YES;
				ENABLE_TESTABILITY = YES;
				GCC_C_LANGUAGE_STANDARD = gnu11;
				GCC_DYNAMIC_NO_PIC = NO;
				GCC_NO_COMMON_BLOCKS = YES;
				GCC_OPTIMIZATION_LEVEL = 0;
				GCC_PREPROCESSOR_DEFINITIONS = (
					"DEBUG=1",
					"$(inherited)",
				);
				GCC_WARN_64_TO_32_BIT_CONVERSION = YES;
				GCC_WARN_ABOUT_RETURN_TYPE = YES_ERROR;
				GCC_WARN_UNDECLARED_SELECTOR = YES;
				GCC_WARN_UNINITIALIZED_AUTOS = YES_AGGRESSIVE;
				GCC_WARN_UNUSED_FUNCTION = YES;
				GCC_WARN_UNUSED_VARIABLE = YES;
				IPHONEOS_DEPLOYMENT_TARGET = 13.2;
				MTL_ENABLE_DEBUG_INFO = INCLUDE_SOURCE;
				MTL_FAST_MATH = YES;
				ONLY_ACTIVE_ARCH = YES;
				SDKROOT = iphoneos;
				SWIFT_ACTIVE_COMPILATION_CONDITIONS = DEBUG;
				SWIFT_OPTIMIZATION_LEVEL = "-Onone";
			};
			name = Debug;
		};
		E5AD4D46248780E60024F465 /* Release */ = {
			isa = XCBuildConfiguration;
			buildSettings = {
				ALWAYS_SEARCH_USER_PATHS = NO;
				CLANG_ANALYZER_NONNULL = YES;
				CLANG_ANALYZER_NUMBER_OBJECT_CONVERSION = YES_AGGRESSIVE;
				CLANG_CXX_LANGUAGE_STANDARD = "gnu++14";
				CLANG_CXX_LIBRARY = "libc++";
				CLANG_ENABLE_MODULES = YES;
				CLANG_ENABLE_OBJC_ARC = YES;
				CLANG_ENABLE_OBJC_WEAK = YES;
				CLANG_WARN_BLOCK_CAPTURE_AUTORELEASING = YES;
				CLANG_WARN_BOOL_CONVERSION = YES;
				CLANG_WARN_COMMA = YES;
				CLANG_WARN_CONSTANT_CONVERSION = YES;
				CLANG_WARN_DEPRECATED_OBJC_IMPLEMENTATIONS = YES;
				CLANG_WARN_DIRECT_OBJC_ISA_USAGE = YES_ERROR;
				CLANG_WARN_DOCUMENTATION_COMMENTS = YES;
				CLANG_WARN_EMPTY_BODY = YES;
				CLANG_WARN_ENUM_CONVERSION = YES;
				CLANG_WARN_INFINITE_RECURSION = YES;
				CLANG_WARN_INT_CONVERSION = YES;
				CLANG_WARN_NON_LITERAL_NULL_CONVERSION = YES;
				CLANG_WARN_OBJC_IMPLICIT_RETAIN_SELF = YES;
				CLANG_WARN_OBJC_LITERAL_CONVERSION = YES;
				CLANG_WARN_OBJC_ROOT_CLASS = YES_ERROR;
				CLANG_WARN_RANGE_LOOP_ANALYSIS = YES;
				CLANG_WARN_STRICT_PROTOTYPES = YES;
				CLANG_WARN_SUSPICIOUS_MOVE = YES;
				CLANG_WARN_UNGUARDED_AVAILABILITY = YES_AGGRESSIVE;
				CLANG_WARN_UNREACHABLE_CODE = YES;
				CLANG_WARN__DUPLICATE_METHOD_MATCH = YES;
				COPY_PHASE_STRIP = NO;
				DEBUG_INFORMATION_FORMAT = "dwarf-with-dsym";
				ENABLE_NS_ASSERTIONS = NO;
				ENABLE_STRICT_OBJC_MSGSEND = YES;
				GCC_C_LANGUAGE_STANDARD = gnu11;
				GCC_NO_COMMON_BLOCKS = YES;
				GCC_WARN_64_TO_32_BIT_CONVERSION = YES;
				GCC_WARN_ABOUT_RETURN_TYPE = YES_ERROR;
				GCC_WARN_UNDECLARED_SELECTOR = YES;
				GCC_WARN_UNINITIALIZED_AUTOS = YES_AGGRESSIVE;
				GCC_WARN_UNUSED_FUNCTION = YES;
				GCC_WARN_UNUSED_VARIABLE = YES;
				IPHONEOS_DEPLOYMENT_TARGET = 13.2;
				MTL_ENABLE_DEBUG_INFO = NO;
				MTL_FAST_MATH = YES;
				SDKROOT = iphoneos;
				SWIFT_COMPILATION_MODE = wholemodule;
				SWIFT_OPTIMIZATION_LEVEL = "-O";
				VALIDATE_PRODUCT = YES;
			};
			name = Release;
		};
		E5AD4D48248780E60024F465 /* Debug */ = {
			isa = XCBuildConfiguration;
			buildSettings = {
				ASSETCATALOG_COMPILER_APPICON_NAME = AppIcon;
				CODE_SIGN_STYLE = Automatic;
				INFOPLIST_FILE = "Child Controllers/Info.plist";
				LD_RUNPATH_SEARCH_PATHS = (
					"$(inherited)",
					"@executable_path/Frameworks",
				);
				PRODUCT_BUNDLE_IDENTIFIER = "Sajal-Kaushik.Child-Controllers";
				PRODUCT_NAME = "$(TARGET_NAME)";
				SWIFT_VERSION = 5.0;
				TARGETED_DEVICE_FAMILY = "1,2";
			};
			name = Debug;
		};
		E5AD4D49248780E60024F465 /* Release */ = {
			isa = XCBuildConfiguration;
			buildSettings = {
				ASSETCATALOG_COMPILER_APPICON_NAME = AppIcon;
				CODE_SIGN_STYLE = Automatic;
				INFOPLIST_FILE = "Child Controllers/Info.plist";
				LD_RUNPATH_SEARCH_PATHS = (
					"$(inherited)",
					"@executable_path/Frameworks",
				);
				PRODUCT_BUNDLE_IDENTIFIER = "Sajal-Kaushik.Child-Controllers";
				PRODUCT_NAME = "$(TARGET_NAME)";
				SWIFT_VERSION = 5.0;
				TARGETED_DEVICE_FAMILY = "1,2";
			};
			name = Release;
		};
/* End XCBuildConfiguration section */

/* Begin XCConfigurationList section */
		E5AD4D2E248780E30024F465 /* Build configuration list for PBXProject "Child Controllers" */ = {
			isa = XCConfigurationList;
			buildConfigurations = (
				E5AD4D45248780E60024F465 /* Debug */,
				E5AD4D46248780E60024F465 /* Release */,
			);
			defaultConfigurationIsVisible = 0;
			defaultConfigurationName = Release;
		};
		E5AD4D47248780E60024F465 /* Build configuration list for PBXNativeTarget "Child Controllers" */ = {
			isa = XCConfigurationList;
			buildConfigurations = (
				E5AD4D48248780E60024F465 /* Debug */,
				E5AD4D49248780E60024F465 /* Release */,
			);
			defaultConfigurationIsVisible = 0;
			defaultConfigurationName = Release;
		};
/* End XCConfigurationList section */
	};
	rootObject = E5AD4D2B248780E30024F465 /* Project object */;
}
