// !$*UTF8*$!
{
	archiveVersion = 1;
	classes = {
	};
	objectVersion = 51;
	objects = {

/* Begin PBXBuildFile section */
		049EA07716F9904787D03592 /* Pods_FireBaseDemo.framework in Frameworks */ = {isa = PBXBuildFile; fileRef = 0D79C379701BD8AB16966D94 /* Pods_FireBaseDemo.framework */; };
		E5ABD46E247D0B3800AFA134 /* AppDelegate.swift in Sources */ = {isa = PBXBuildFile; fileRef = E5ABD46D247D0B3800AFA134 /* AppDelegate.swift */; };
		E5ABD470247D0B3800AFA134 /* SceneDelegate.swift in Sources */ = {isa = PBXBuildFile; fileRef = E5ABD46F247D0B3800AFA134 /* SceneDelegate.swift */; };
		E5ABD472247D0B3800AFA134 /* ViewController.swift in Sources */ = {isa = PBXBuildFile; fileRef = E5ABD471247D0B3800AFA134 /* ViewController.swift */; };
		E5ABD475247D0B3800AFA134 /* Main.storyboard in Resources */ = {isa = PBXBuildFile; fileRef = E5ABD473247D0B3800AFA134 /* Main.storyboard */; };
		E5ABD477247D0B3A00AFA134 /* Assets.xcassets in Resources */ = {isa = PBXBuildFile; fileRef = E5ABD476247D0B3A00AFA134 /* Assets.xcassets */; };
		E5ABD47A247D0B3A00AFA134 /* LaunchScreen.storyboard in Resources */ = {isa = PBXBuildFile; fileRef = E5ABD478247D0B3A00AFA134 /* LaunchScreen.storyboard */; };
		E5ABD482247D0CE600AFA134 /* SignupViewController.swift in Sources */ = {isa = PBXBuildFile; fileRef = E5ABD481247D0CE600AFA134 /* SignupViewController.swift */; };
		E5ABD486247D188E00AFA134 /* GoogleService-Info.plist in Resources */ = {isa = PBXBuildFile; fileRef = E5ABD485247D188E00AFA134 /* GoogleService-Info.plist */; };
/* End PBXBuildFile section */

/* Begin PBXFileReference section */
		0D79C379701BD8AB16966D94 /* Pods_FireBaseDemo.framework */ = {isa = PBXFileReference; explicitFileType = wrapper.framework; includeInIndex = 0; path = Pods_FireBaseDemo.framework; sourceTree = BUILT_PRODUCTS_DIR; };
		3FA1F77270EB1BC13DD0878E /* Pods-FireBaseDemo.release.xcconfig */ = {isa = PBXFileReference; includeInIndex = 1; lastKnownFileType = text.xcconfig; name = "Pods-FireBaseDemo.release.xcconfig"; path = "Target Support Files/Pods-FireBaseDemo/Pods-FireBaseDemo.release.xcconfig"; sourceTree = "<group>"; };
		E5ABD46A247D0B3800AFA134 /* FireBaseDemo.app */ = {isa = PBXFileReference; explicitFileType = wrapper.application; includeInIndex = 0; path = FireBaseDemo.app; sourceTree = BUILT_PRODUCTS_DIR; };
		E5ABD46D247D0B3800AFA134 /* AppDelegate.swift */ = {isa = PBXFileReference; lastKnownFileType = sourcecode.swift; path = AppDelegate.swift; sourceTree = "<group>"; };
		E5ABD46F247D0B3800AFA134 /* SceneDelegate.swift */ = {isa = PBXFileReference; lastKnownFileType = sourcecode.swift; path = SceneDelegate.swift; sourceTree = "<group>"; };
		E5ABD471247D0B3800AFA134 /* ViewController.swift */ = {isa = PBXFileReference; lastKnownFileType = sourcecode.swift; path = ViewController.swift; sourceTree = "<group>"; };
		E5ABD474247D0B3800AFA134 /* Base */ = {isa = PBXFileReference; lastKnownFileType = file.storyboard; name = Base; path = Base.lproj/Main.storyboard; sourceTree = "<group>"; };
		E5ABD476247D0B3A00AFA134 /* Assets.xcassets */ = {isa = PBXFileReference; lastKnownFileType = folder.assetcatalog; path = Assets.xcassets; sourceTree = "<group>"; };
		E5ABD479247D0B3A00AFA134 /* Base */ = {isa = PBXFileReference; lastKnownFileType = file.storyboard; name = Base; path = Base.lproj/LaunchScreen.storyboard; sourceTree = "<group>"; };
		E5ABD47B247D0B3A00AFA134 /* Info.plist */ = {isa = PBXFileReference; lastKnownFileType = text.plist.xml; path = Info.plist; sourceTree = "<group>"; };
		E5ABD481247D0CE600AFA134 /* SignupViewController.swift */ = {isa = PBXFileReference; lastKnownFileType = sourcecode.swift; path = SignupViewController.swift; sourceTree = "<group>"; };
		E5ABD485247D188E00AFA134 /* GoogleService-Info.plist */ = {isa = PBXFileReference; fileEncoding = 4; lastKnownFileType = text.plist.xml; path = "GoogleService-Info.plist"; sourceTree = "<group>"; };
		F012E5CD810FA11824B3CE2F /* Pods-FireBaseDemo.debug.xcconfig */ = {isa = PBXFileReference; includeInIndex = 1; lastKnownFileType = text.xcconfig; name = "Pods-FireBaseDemo.debug.xcconfig"; path = "Target Support Files/Pods-FireBaseDemo/Pods-FireBaseDemo.debug.xcconfig"; sourceTree = "<group>"; };
/* End PBXFileReference section */

/* Begin PBXFrameworksBuildPhase section */
		E5ABD467247D0B3800AFA134 /* Frameworks */ = {
			isa = PBXFrameworksBuildPhase;
			buildActionMask = 2147483647;
			files = (
				049EA07716F9904787D03592 /* Pods_FireBaseDemo.framework in Frameworks */,
			);
			runOnlyForDeploymentPostprocessing = 0;
		};
/* End PBXFrameworksBuildPhase section */

/* Begin PBXGroup section */
		B321D4AFAACDB865F1F59527 /* Frameworks */ = {
			isa = PBXGroup;
			children = (
				0D79C379701BD8AB16966D94 /* Pods_FireBaseDemo.framework */,
			);
			name = Frameworks;
			sourceTree = "<group>";
		};
		C62505F25DBD041469E0D6DB /* Pods */ = {
			isa = PBXGroup;
			children = (
				F012E5CD810FA11824B3CE2F /* Pods-FireBaseDemo.debug.xcconfig */,
				3FA1F77270EB1BC13DD0878E /* Pods-FireBaseDemo.release.xcconfig */,
			);
			path = Pods;
			sourceTree = "<group>";
		};
		E5ABD461247D0B3800AFA134 = {
			isa = PBXGroup;
			children = (
				E5ABD46C247D0B3800AFA134 /* FireBaseDemo */,
				E5ABD46B247D0B3800AFA134 /* Products */,
				C62505F25DBD041469E0D6DB /* Pods */,
				B321D4AFAACDB865F1F59527 /* Frameworks */,
			);
			sourceTree = "<group>";
		};
		E5ABD46B247D0B3800AFA134 /* Products */ = {
			isa = PBXGroup;
			children = (
				E5ABD46A247D0B3800AFA134 /* FireBaseDemo.app */,
			);
			name = Products;
			sourceTree = "<group>";
		};
		E5ABD46C247D0B3800AFA134 /* FireBaseDemo */ = {
			isa = PBXGroup;
			children = (
				E5ABD46D247D0B3800AFA134 /* AppDelegate.swift */,
				E5ABD46F247D0B3800AFA134 /* SceneDelegate.swift */,
				E5ABD471247D0B3800AFA134 /* ViewController.swift */,
				E5ABD481247D0CE600AFA134 /* SignupViewController.swift */,
				E5ABD473247D0B3800AFA134 /* Main.storyboard */,
				E5ABD476247D0B3A00AFA134 /* Assets.xcassets */,
				E5ABD478247D0B3A00AFA134 /* LaunchScreen.storyboard */,
				E5ABD485247D188E00AFA134 /* GoogleService-Info.plist */,
				E5ABD47B247D0B3A00AFA134 /* Info.plist */,
			);
			path = FireBaseDemo;
			sourceTree = "<group>";
		};
/* End PBXGroup section */

/* Begin PBXNativeTarget section */
		E5ABD469247D0B3800AFA134 /* FireBaseDemo */ = {
			isa = PBXNativeTarget;
			buildConfigurationList = E5ABD47E247D0B3A00AFA134 /* Build configuration list for PBXNativeTarget "FireBaseDemo" */;
			buildPhases = (
				F014A0DDB5B632B3F70F19FD /* [CP] Check Pods Manifest.lock */,
				E5ABD466247D0B3800AFA134 /* Sources */,
				E5ABD467247D0B3800AFA134 /* Frameworks */,
				E5ABD468247D0B3800AFA134 /* Resources */,
				F6718F30652A42152417C1C5 /* [CP] Embed Pods Frameworks */,
			);
			buildRules = (
			);
			dependencies = (
			);
			name = FireBaseDemo;
			productName = FireBaseDemo;
			productReference = E5ABD46A247D0B3800AFA134 /* FireBaseDemo.app */;
			productType = "com.apple.product-type.application";
		};
/* End PBXNativeTarget section */

/* Begin PBXProject section */
		E5ABD462247D0B3800AFA134 /* Project object */ = {
			isa = PBXProject;
			attributes = {
				LastSwiftUpdateCheck = 1130;
				LastUpgradeCheck = 1130;
				ORGANIZATIONNAME = "Sajal Kaushik";
				TargetAttributes = {
					E5ABD469247D0B3800AFA134 = {
						CreatedOnToolsVersion = 11.3.1;
					};
				};
			};
			buildConfigurationList = E5ABD465247D0B3800AFA134 /* Build configuration list for PBXProject "FireBaseDemo" */;
			compatibilityVersion = "Xcode 9.3";
			developmentRegion = en;
			hasScannedForEncodings = 0;
			knownRegions = (
				en,
				Base,
			);
			mainGroup = E5ABD461247D0B3800AFA134;
			productRefGroup = E5ABD46B247D0B3800AFA134 /* Products */;
			projectDirPath = "";
			projectRoot = "";
			targets = (
				E5ABD469247D0B3800AFA134 /* FireBaseDemo */,
			);
		};
/* End PBXProject section */

/* Begin PBXResourcesBuildPhase section */
		E5ABD468247D0B3800AFA134 /* Resources */ = {
			isa = PBXResourcesBuildPhase;
			buildActionMask = 2147483647;
			files = (
				E5ABD47A247D0B3A00AFA134 /* LaunchScreen.storyboard in Resources */,
				E5ABD486247D188E00AFA134 /* GoogleService-Info.plist in Resources */,
				E5ABD477247D0B3A00AFA134 /* Assets.xcassets in Resources */,
				E5ABD475247D0B3800AFA134 /* Main.storyboard in Resources */,
			);
			runOnlyForDeploymentPostprocessing = 0;
		};
/* End PBXResourcesBuildPhase section */

/* Begin PBXShellScriptBuildPhase section */
		F014A0DDB5B632B3F70F19FD /* [CP] Check Pods Manifest.lock */ = {
			isa = PBXShellScriptBuildPhase;
			buildActionMask = 2147483647;
			files = (
			);
			inputFileListPaths = (
			);
			inputPaths = (
				"${PODS_PODFILE_DIR_PATH}/Podfile.lock",
				"${PODS_ROOT}/Manifest.lock",
			);
			name = "[CP] Check Pods Manifest.lock";
			outputFileListPaths = (
			);
			outputPaths = (
				"$(DERIVED_FILE_DIR)/Pods-FireBaseDemo-checkManifestLockResult.txt",
			);
			runOnlyForDeploymentPostprocessing = 0;
			shellPath = /bin/sh;
			shellScript = "diff \"${PODS_PODFILE_DIR_PATH}/Podfile.lock\" \"${PODS_ROOT}/Manifest.lock\" > /dev/null\nif [ $? != 0 ] ; then\n    # print error to STDERR\n    echo \"error: The sandbox is not in sync with the Podfile.lock. Run 'pod install' or update your CocoaPods installation.\" >&2\n    exit 1\nfi\n# This output is used by Xcode 'outputs' to avoid re-running this script phase.\necho \"SUCCESS\" > \"${SCRIPT_OUTPUT_FILE_0}\"\n";
			showEnvVarsInLog = 0;
		};
		F6718F30652A42152417C1C5 /* [CP] Embed Pods Frameworks */ = {
			isa = PBXShellScriptBuildPhase;
			buildActionMask = 2147483647;
			files = (
			);
			inputFileListPaths = (
				"${PODS_ROOT}/Target Support Files/Pods-FireBaseDemo/Pods-FireBaseDemo-frameworks-${CONFIGURATION}-input-files.xcfilelist",
			);
			name = "[CP] Embed Pods Frameworks";
			outputFileListPaths = (
				"${PODS_ROOT}/Target Support Files/Pods-FireBaseDemo/Pods-FireBaseDemo-frameworks-${CONFIGURATION}-output-files.xcfilelist",
			);
			runOnlyForDeploymentPostprocessing = 0;
			shellPath = /bin/sh;
			shellScript = "\"${PODS_ROOT}/Target Support Files/Pods-FireBaseDemo/Pods-FireBaseDemo-frameworks.sh\"\n";
			showEnvVarsInLog = 0;
		};
/* End PBXShellScriptBuildPhase section */

/* Begin PBXSourcesBuildPhase section */
		E5ABD466247D0B3800AFA134 /* Sources */ = {
			isa = PBXSourcesBuildPhase;
			buildActionMask = 2147483647;
			files = (
				E5ABD472247D0B3800AFA134 /* ViewController.swift in Sources */,
				E5ABD46E247D0B3800AFA134 /* AppDelegate.swift in Sources */,
				E5ABD482247D0CE600AFA134 /* SignupViewController.swift in Sources */,
				E5ABD470247D0B3800AFA134 /* SceneDelegate.swift in Sources */,
			);
			runOnlyForDeploymentPostprocessing = 0;
		};
/* End PBXSourcesBuildPhase section */

/* Begin PBXVariantGroup section */
		E5ABD473247D0B3800AFA134 /* Main.storyboard */ = {
			isa = PBXVariantGroup;
			children = (
				E5ABD474247D0B3800AFA134 /* Base */,
			);
			name = Main.storyboard;
			sourceTree = "<group>";
		};
		E5ABD478247D0B3A00AFA134 /* LaunchScreen.storyboard */ = {
			isa = PBXVariantGroup;
			children = (
				E5ABD479247D0B3A00AFA134 /* Base */,
			);
			name = LaunchScreen.storyboard;
			sourceTree = "<group>";
		};
/* End PBXVariantGroup section */

/* Begin XCBuildConfiguration section */
		E5ABD47C247D0B3A00AFA134 /* Debug */ = {
			isa = XCBuildConfiguration;
			buildSettings = {
				ALWAYS_SEARCH_USER_PATHS = NO;
				CLANG_ANALYZER_NONNULL = YES;
				CLANG_ANALYZER_NUMBER_OBJECT_CONVERSION = YES_AGGRESSIVE;
				CLANG_CXX_LANGUAGE_STANDARD = "gnu++14";
				CLANG_CXX_LIBRARY = "libc++";
				CLANG_ENABLE_MODULES = YES;
				CLANG_ENABLE_OBJC_ARC = YES;
				CLANG_ENABLE_OBJC_WEAK = YES;
				CLANG_WARN_BLOCK_CAPTURE_AUTORELEASING = YES;
				CLANG_WARN_BOOL_CONVERSION = YES;
				CLANG_WARN_COMMA = YES;
				CLANG_WARN_CONSTANT_CONVERSION = YES;
				CLANG_WARN_DEPRECATED_OBJC_IMPLEMENTATIONS = YES;
				CLANG_WARN_DIRECT_OBJC_ISA_USAGE = YES_ERROR;
				CLANG_WARN_DOCUMENTATION_COMMENTS = YES;
				CLANG_WARN_EMPTY_BODY = YES;
				CLANG_WARN_ENUM_CONVERSION = YES;
				CLANG_WARN_INFINITE_RECURSION = YES;
				CLANG_WARN_INT_CONVERSION = YES;
				CLANG_WARN_NON_LITERAL_NULL_CONVERSION = YES;
				CLANG_WARN_OBJC_IMPLICIT_RETAIN_SELF = YES;
				CLANG_WARN_OBJC_LITERAL_CONVERSION = YES;
				CLANG_WARN_OBJC_ROOT_CLASS = YES_ERROR;
				CLANG_WARN_RANGE_LOOP_ANALYSIS = YES;
				CLANG_WARN_STRICT_PROTOTYPES = YES;
				CLANG_WARN_SUSPICIOUS_MOVE = YES;
				CLANG_WARN_UNGUARDED_AVAILABILITY = YES_AGGRESSIVE;
				CLANG_WARN_UNREACHABLE_CODE = YES;
				CLANG_WARN__DUPLICATE_METHOD_MATCH = YES;
				COPY_PHASE_STRIP = NO;
				DEBUG_INFORMATION_FORMAT = dwarf;
				ENABLE_STRICT_OBJC_MSGSEND = YES;
				ENABLE_TESTABILITY = YES;
				GCC_C_LANGUAGE_STANDARD = gnu11;
				GCC_DYNAMIC_NO_PIC = NO;
				GCC_NO_COMMON_BLOCKS = YES;
				GCC_OPTIMIZATION_LEVEL = 0;
				GCC_PREPROCESSOR_DEFINITIONS = (
					"DEBUG=1",
					"$(inherited)",
				);
				GCC_WARN_64_TO_32_BIT_CONVERSION = YES;
				GCC_WARN_ABOUT_RETURN_TYPE = YES_ERROR;
				GCC_WARN_UNDECLARED_SELECTOR = YES;
				GCC_WARN_UNINITIALIZED_AUTOS = YES_AGGRESSIVE;
				GCC_WARN_UNUSED_FUNCTION = YES;
				GCC_WARN_UNUSED_VARIABLE = YES;
				IPHONEOS_DEPLOYMENT_TARGET = 13.2;
				MTL_ENABLE_DEBUG_INFO = INCLUDE_SOURCE;
				MTL_FAST_MATH = YES;
				ONLY_ACTIVE_ARCH = YES;
				SDKROOT = iphoneos;
				SWIFT_ACTIVE_COMPILATION_CONDITIONS = DEBUG;
				SWIFT_OPTIMIZATION_LEVEL = "-Onone";
			};
			name = Debug;
		};
		E5ABD47D247D0B3A00AFA134 /* Release */ = {
			isa = XCBuildConfiguration;
			buildSettings = {
				ALWAYS_SEARCH_USER_PATHS = NO;
				CLANG_ANALYZER_NONNULL = YES;
				CLANG_ANALYZER_NUMBER_OBJECT_CONVERSION = YES_AGGRESSIVE;
				CLANG_CXX_LANGUAGE_STANDARD = "gnu++14";
				CLANG_CXX_LIBRARY = "libc++";
				CLANG_ENABLE_MODULES = YES;
				CLANG_ENABLE_OBJC_ARC = YES;
				CLANG_ENABLE_OBJC_WEAK = YES;
				CLANG_WARN_BLOCK_CAPTURE_AUTORELEASING = YES;
				CLANG_WARN_BOOL_CONVERSION = YES;
				CLANG_WARN_COMMA = YES;
				CLANG_WARN_CONSTANT_CONVERSION = YES;
				CLANG_WARN_DEPRECATED_OBJC_IMPLEMENTATIONS = YES;
				CLANG_WARN_DIRECT_OBJC_ISA_USAGE = YES_ERROR;
				CLANG_WARN_DOCUMENTATION_COMMENTS = YES;
				CLANG_WARN_EMPTY_BODY = YES;
				CLANG_WARN_ENUM_CONVERSION = YES;
				CLANG_WARN_INFINITE_RECURSION = YES;
				CLANG_WARN_INT_CONVERSION = YES;
				CLANG_WARN_NON_LITERAL_NULL_CONVERSION = YES;
				CLANG_WARN_OBJC_IMPLICIT_RETAIN_SELF = YES;
				CLANG_WARN_OBJC_LITERAL_CONVERSION = YES;
				CLANG_WARN_OBJC_ROOT_CLASS = YES_ERROR;
				CLANG_WARN_RANGE_LOOP_ANALYSIS = YES;
				CLANG_WARN_STRICT_PROTOTYPES = YES;
				CLANG_WARN_SUSPICIOUS_MOVE = YES;
				CLANG_WARN_UNGUARDED_AVAILABILITY = YES_AGGRESSIVE;
				CLANG_WARN_UNREACHABLE_CODE = YES;
				CLANG_WARN__DUPLICATE_METHOD_MATCH = YES;
				COPY_PHASE_STRIP = NO;
				DEBUG_INFORMATION_FORMAT = "dwarf-with-dsym";
				ENABLE_NS_ASSERTIONS = NO;
				ENABLE_STRICT_OBJC_MSGSEND = YES;
				GCC_C_LANGUAGE_STANDARD = gnu11;
				GCC_NO_COMMON_BLOCKS = YES;
				GCC_WARN_64_TO_32_BIT_CONVERSION = YES;
				GCC_WARN_ABOUT_RETURN_TYPE = YES_ERROR;
				GCC_WARN_UNDECLARED_SELECTOR = YES;
				GCC_WARN_UNINITIALIZED_AUTOS = YES_AGGRESSIVE;
				GCC_WARN_UNUSED_FUNCTION = YES;
				GCC_WARN_UNUSED_VARIABLE = YES;
				IPHONEOS_DEPLOYMENT_TARGET = 13.2;
				MTL_ENABLE_DEBUG_INFO = NO;
				MTL_FAST_MATH = YES;
				SDKROOT = iphoneos;
				SWIFT_COMPILATION_MODE = wholemodule;
				SWIFT_OPTIMIZATION_LEVEL = "-O";
				VALIDATE_PRODUCT = YES;
			};
			name = Release;
		};
		E5ABD47F247D0B3A00AFA134 /* Debug */ = {
			isa = XCBuildConfiguration;
			baseConfigurationReference = F012E5CD810FA11824B3CE2F /* Pods-FireBaseDemo.debug.xcconfig */;
			buildSettings = {
				ASSETCATALOG_COMPILER_APPICON_NAME = AppIcon;
				CODE_SIGN_STYLE = Automatic;
				INFOPLIST_FILE = FireBaseDemo/Info.plist;
				LD_RUNPATH_SEARCH_PATHS = (
					"$(inherited)",
					"@executable_path/Frameworks",
				);
				PRODUCT_BUNDLE_IDENTIFIER = "Sajal-Kaushik.FireBaseDemo2";
				PRODUCT_NAME = "$(TARGET_NAME)";
				SWIFT_VERSION = 5.0;
				TARGETED_DEVICE_FAMILY = "1,2";
			};
			name = Debug;
		};
		E5ABD480247D0B3A00AFA134 /* Release */ = {
			isa = XCBuildConfiguration;
			baseConfigurationReference = 3FA1F77270EB1BC13DD0878E /* Pods-FireBaseDemo.release.xcconfig */;
			buildSettings = {
				ASSETCATALOG_COMPILER_APPICON_NAME = AppIcon;
				CODE_SIGN_STYLE = Automatic;
				INFOPLIST_FILE = FireBaseDemo/Info.plist;
				LD_RUNPATH_SEARCH_PATHS = (
					"$(inherited)",
					"@executable_path/Frameworks",
				);
				PRODUCT_BUNDLE_IDENTIFIER = "Sajal-Kaushik.FireBaseDemo2";
				PRODUCT_NAME = "$(TARGET_NAME)";
				SWIFT_VERSION = 5.0;
				TARGETED_DEVICE_FAMILY = "1,2";
			};
			name = Release;
		};
/* End XCBuildConfiguration section */

/* Begin XCConfigurationList section */
		E5ABD465247D0B3800AFA134 /* Build configuration list for PBXProject "FireBaseDemo" */ = {
			isa = XCConfigurationList;
			buildConfigurations = (
				E5ABD47C247D0B3A00AFA134 /* Debug */,
				E5ABD47D247D0B3A00AFA134 /* Release */,
			);
			defaultConfigurationIsVisible = 0;
			defaultConfigurationName = Release;
		};
		E5ABD47E247D0B3A00AFA134 /* Build configuration list for PBXNativeTarget "FireBaseDemo" */ = {
			isa = XCConfigurationList;
			buildConfigurations = (
				E5ABD47F247D0B3A00AFA134 /* Debug */,
				E5ABD480247D0B3A00AFA134 /* Release */,
			);
			defaultConfigurationIsVisible = 0;
			defaultConfigurationName = Release;
		};
/* End XCConfigurationList section */
	};
	rootObject = E5ABD462247D0B3800AFA134 /* Project object */;
}
