// !$*UTF8*$!
{
	archiveVersion = 1;
	classes = {
	};
	objectVersion = 50;
	objects = {

/* Begin PBXBuildFile section */
		E5168E60248BBBC90010EEA4 /* AppDelegate.swift in Sources */ = {isa = PBXBuildFile; fileRef = E5168E5F248BBBC90010EEA4 /* AppDelegate.swift */; };
		E5168E62248BBBC90010EEA4 /* SceneDelegate.swift in Sources */ = {isa = PBXBuildFile; fileRef = E5168E61248BBBC90010EEA4 /* SceneDelegate.swift */; };
		E5168E64248BBBC90010EEA4 /* ViewController.swift in Sources */ = {isa = PBXBuildFile; fileRef = E5168E63248BBBC90010EEA4 /* ViewController.swift */; };
		E5168E67248BBBC90010EEA4 /* Main.storyboard in Resources */ = {isa = PBXBuildFile; fileRef = E5168E65248BBBC90010EEA4 /* Main.storyboard */; };
		E5168E69248BBBDB0010EEA4 /* Assets.xcassets in Resources */ = {isa = PBXBuildFile; fileRef = E5168E68248BBBDB0010EEA4 /* Assets.xcassets */; };
		E5168E6C248BBBDB0010EEA4 /* LaunchScreen.storyboard in Resources */ = {isa = PBXBuildFile; fileRef = E5168E6A248BBBDB0010EEA4 /* LaunchScreen.storyboard */; };
		E5168E76248BBC950010EEA4 /* NeumorphicView.xib in Resources */ = {isa = PBXBuildFile; fileRef = E5168E75248BBC950010EEA4 /* NeumorphicView.xib */; };
		E5168E78248BBCB70010EEA4 /* NeumorphicView.swift in Sources */ = {isa = PBXBuildFile; fileRef = E5168E77248BBCB70010EEA4 /* NeumorphicView.swift */; };
/* End PBXBuildFile section */

/* Begin PBXFileReference section */
		E5168E5C248BBBC90010EEA4 /* Neumorphic Custom View.app */ = {isa = PBXFileReference; explicitFileType = wrapper.application; includeInIndex = 0; path = "Neumorphic Custom View.app"; sourceTree = BUILT_PRODUCTS_DIR; };
		E5168E5F248BBBC90010EEA4 /* AppDelegate.swift */ = {isa = PBXFileReference; lastKnownFileType = sourcecode.swift; path = AppDelegate.swift; sourceTree = "<group>"; };
		E5168E61248BBBC90010EEA4 /* SceneDelegate.swift */ = {isa = PBXFileReference; lastKnownFileType = sourcecode.swift; path = SceneDelegate.swift; sourceTree = "<group>"; };
		E5168E63248BBBC90010EEA4 /* ViewController.swift */ = {isa = PBXFileReference; lastKnownFileType = sourcecode.swift; path = ViewController.swift; sourceTree = "<group>"; };
		E5168E66248BBBC90010EEA4 /* Base */ = {isa = PBXFileReference; lastKnownFileType = file.storyboard; name = Base; path = Base.lproj/Main.storyboard; sourceTree = "<group>"; };
		E5168E68248BBBDB0010EEA4 /* Assets.xcassets */ = {isa = PBXFileReference; lastKnownFileType = folder.assetcatalog; path = Assets.xcassets; sourceTree = "<group>"; };
		E5168E6B248BBBDB0010EEA4 /* Base */ = {isa = PBXFileReference; lastKnownFileType = file.storyboard; name = Base; path = Base.lproj/LaunchScreen.storyboard; sourceTree = "<group>"; };
		E5168E6D248BBBDB0010EEA4 /* Info.plist */ = {isa = PBXFileReference; lastKnownFileType = text.plist.xml; path = Info.plist; sourceTree = "<group>"; };
		E5168E75248BBC950010EEA4 /* NeumorphicView.xib */ = {isa = PBXFileReference; lastKnownFileType = file.xib; path = NeumorphicView.xib; sourceTree = "<group>"; };
		E5168E77248BBCB70010EEA4 /* NeumorphicView.swift */ = {isa = PBXFileReference; lastKnownFileType = sourcecode.swift; path = NeumorphicView.swift; sourceTree = "<group>"; };
/* End PBXFileReference section */

/* Begin PBXFrameworksBuildPhase section */
		E5168E59248BBBC90010EEA4 /* Frameworks */ = {
			isa = PBXFrameworksBuildPhase;
			buildActionMask = 2147483647;
			files = (
			);
			runOnlyForDeploymentPostprocessing = 0;
		};
/* End PBXFrameworksBuildPhase section */

/* Begin PBXGroup section */
		E5168E53248BBBC90010EEA4 = {
			isa = PBXGroup;
			children = (
				E5168E5E248BBBC90010EEA4 /* Neumorphic Custom View */,
				E5168E5D248BBBC90010EEA4 /* Products */,
			);
			sourceTree = "<group>";
		};
		E5168E5D248BBBC90010EEA4 /* Products */ = {
			isa = PBXGroup;
			children = (
				E5168E5C248BBBC90010EEA4 /* Neumorphic Custom View.app */,
			);
			name = Products;
			sourceTree = "<group>";
		};
		E5168E5E248BBBC90010EEA4 /* Neumorphic Custom View */ = {
			isa = PBXGroup;
			children = (
				E5168E5F248BBBC90010EEA4 /* AppDelegate.swift */,
				E5168E61248BBBC90010EEA4 /* SceneDelegate.swift */,
				E5168E63248BBBC90010EEA4 /* ViewController.swift */,
				E5168E77248BBCB70010EEA4 /* NeumorphicView.swift */,
				E5168E75248BBC950010EEA4 /* NeumorphicView.xib */,
				E5168E65248BBBC90010EEA4 /* Main.storyboard */,
				E5168E68248BBBDB0010EEA4 /* Assets.xcassets */,
				E5168E6A248BBBDB0010EEA4 /* LaunchScreen.storyboard */,
				E5168E6D248BBBDB0010EEA4 /* Info.plist */,
			);
			path = "Neumorphic Custom View";
			sourceTree = "<group>";
		};
/* End PBXGroup section */

/* Begin PBXNativeTarget section */
		E5168E5B248BBBC90010EEA4 /* Neumorphic Custom View */ = {
			isa = PBXNativeTarget;
			buildConfigurationList = E5168E70248BBBDB0010EEA4 /* Build configuration list for PBXNativeTarget "Neumorphic Custom View" */;
			buildPhases = (
				E5168E58248BBBC90010EEA4 /* Sources */,
				E5168E59248BBBC90010EEA4 /* Frameworks */,
				E5168E5A248BBBC90010EEA4 /* Resources */,
			);
			buildRules = (
			);
			dependencies = (
			);
			name = "Neumorphic Custom View";
			productName = "Neumorphic Custom View";
			productReference = E5168E5C248BBBC90010EEA4 /* Neumorphic Custom View.app */;
			productType = "com.apple.product-type.application";
		};
/* End PBXNativeTarget section */

/* Begin PBXProject section */
		E5168E54248BBBC90010EEA4 /* Project object */ = {
			isa = PBXProject;
			attributes = {
				LastSwiftUpdateCheck = 1130;
				LastUpgradeCheck = 1130;
				ORGANIZATIONNAME = "Sajal Kaushik";
				TargetAttributes = {
					E5168E5B248BBBC90010EEA4 = {
						CreatedOnToolsVersion = 11.3.1;
					};
				};
			};
			buildConfigurationList = E5168E57248BBBC90010EEA4 /* Build configuration list for PBXProject "Neumorphic Custom View" */;
			compatibilityVersion = "Xcode 9.3";
			developmentRegion = en;
			hasScannedForEncodings = 0;
			knownRegions = (
				en,
				Base,
			);
			mainGroup = E5168E53248BBBC90010EEA4;
			productRefGroup = E5168E5D248BBBC90010EEA4 /* Products */;
			projectDirPath = "";
			projectRoot = "";
			targets = (
				E5168E5B248BBBC90010EEA4 /* Neumorphic Custom View */,
			);
		};
/* End PBXProject section */

/* Begin PBXResourcesBuildPhase section */
		E5168E5A248BBBC90010EEA4 /* Resources */ = {
			isa = PBXResourcesBuildPhase;
			buildActionMask = 2147483647;
			files = (
				E5168E76248BBC950010EEA4 /* NeumorphicView.xib in Resources */,
				E5168E6C248BBBDB0010EEA4 /* LaunchScreen.storyboard in Resources */,
				E5168E69248BBBDB0010EEA4 /* Assets.xcassets in Resources */,
				E5168E67248BBBC90010EEA4 /* Main.storyboard in Resources */,
			);
			runOnlyForDeploymentPostprocessing = 0;
		};
/* End PBXResourcesBuildPhase section */

/* Begin PBXSourcesBuildPhase section */
		E5168E58248BBBC90010EEA4 /* Sources */ = {
			isa = PBXSourcesBuildPhase;
			buildActionMask = 2147483647;
			files = (
				E5168E78248BBCB70010EEA4 /* NeumorphicView.swift in Sources */,
				E5168E64248BBBC90010EEA4 /* ViewController.swift in Sources */,
				E5168E60248BBBC90010EEA4 /* AppDelegate.swift in Sources */,
				E5168E62248BBBC90010EEA4 /* SceneDelegate.swift in Sources */,
			);
			runOnlyForDeploymentPostprocessing = 0;
		};
/* End PBXSourcesBuildPhase section */

/* Begin PBXVariantGroup section */
		E5168E65248BBBC90010EEA4 /* Main.storyboard */ = {
			isa = PBXVariantGroup;
			children = (
				E5168E66248BBBC90010EEA4 /* Base */,
			);
			name = Main.storyboard;
			sourceTree = "<group>";
		};
		E5168E6A248BBBDB0010EEA4 /* LaunchScreen.storyboard */ = {
			isa = PBXVariantGroup;
			children = (
				E5168E6B248BBBDB0010EEA4 /* Base */,
			);
			name = LaunchScreen.storyboard;
			sourceTree = "<group>";
		};
/* End PBXVariantGroup section */

/* Begin XCBuildConfiguration section */
		E5168E6E248BBBDB0010EEA4 /* Debug */ = {
			isa = XCBuildConfiguration;
			buildSettings = {
				ALWAYS_SEARCH_USER_PATHS = NO;
				CLANG_ANALYZER_NONNULL = YES;
				CLANG_ANALYZER_NUMBER_OBJECT_CONVERSION = YES_AGGRESSIVE;
				CLANG_CXX_LANGUAGE_STANDARD = "gnu++14";
				CLANG_CXX_LIBRARY = "libc++";
				CLANG_ENABLE_MODULES = YES;
				CLANG_ENABLE_OBJC_ARC = YES;
				CLANG_ENABLE_OBJC_WEAK = YES;
				CLANG_WARN_BLOCK_CAPTURE_AUTORELEASING = YES;
				CLANG_WARN_BOOL_CONVERSION = YES;
				CLANG_WARN_COMMA = YES;
				CLANG_WARN_CONSTANT_CONVERSION = YES;
				CLANG_WARN_DEPRECATED_OBJC_IMPLEMENTATIONS = YES;
				CLANG_WARN_DIRECT_OBJC_ISA_USAGE = YES_ERROR;
				CLANG_WARN_DOCUMENTATION_COMMENTS = YES;
				CLANG_WARN_EMPTY_BODY = YES;
				CLANG_WARN_ENUM_CONVERSION = YES;
				CLANG_WARN_INFINITE_RECURSION = YES;
				CLANG_WARN_INT_CONVERSION = YES;
				CLANG_WARN_NON_LITERAL_NULL_CONVERSION = YES;
				CLANG_WARN_OBJC_IMPLICIT_RETAIN_SELF = YES;
				CLANG_WARN_OBJC_LITERAL_CONVERSION = YES;
				CLANG_WARN_OBJC_ROOT_CLASS = YES_ERROR;
				CLANG_WARN_RANGE_LOOP_ANALYSIS = YES;
				CLANG_WARN_STRICT_PROTOTYPES = YES;
				CLANG_WARN_SUSPICIOUS_MOVE = YES;
				CLANG_WARN_UNGUARDED_AVAILABILITY = YES_AGGRESSIVE;
				CLANG_WARN_UNREACHABLE_CODE = YES;
				CLANG_WARN__DUPLICATE_METHOD_MATCH = YES;
				COPY_PHASE_STRIP = NO;
				DEBUG_INFORMATION_FORMAT = dwarf;
				ENABLE_STRICT_OBJC_MSGSEND = YES;
				ENABLE_TESTABILITY = YES;
				GCC_C_LANGUAGE_STANDARD = gnu11;
				GCC_DYNAMIC_NO_PIC = NO;
				GCC_NO_COMMON_BLOCKS = YES;
				GCC_OPTIMIZATION_LEVEL = 0;
				GCC_PREPROCESSOR_DEFINITIONS = (
					"DEBUG=1",
					"$(inherited)",
				);
				GCC_WARN_64_TO_32_BIT_CONVERSION = YES;
				GCC_WARN_ABOUT_RETURN_TYPE = YES_ERROR;
				GCC_WARN_UNDECLARED_SELECTOR = YES;
				GCC_WARN_UNINITIALIZED_AUTOS = YES_AGGRESSIVE;
				GCC_WARN_UNUSED_FUNCTION = YES;
				GCC_WARN_UNUSED_VARIABLE = YES;
				IPHONEOS_DEPLOYMENT_TARGET = 13.2;
				MTL_ENABLE_DEBUG_INFO = INCLUDE_SOURCE;
				MTL_FAST_MATH = YES;
				ONLY_ACTIVE_ARCH = YES;
				SDKROOT = iphoneos;
				SWIFT_ACTIVE_COMPILATION_CONDITIONS = DEBUG;
				SWIFT_OPTIMIZATION_LEVEL = "-Onone";
			};
			name = Debug;
		};
		E5168E6F248BBBDB0010EEA4 /* Release */ = {
			isa = XCBuildConfiguration;
			buildSettings = {
				ALWAYS_SEARCH_USER_PATHS = NO;
				CLANG_ANALYZER_NONNULL = YES;
				CLANG_ANALYZER_NUMBER_OBJECT_CONVERSION = YES_AGGRESSIVE;
				CLANG_CXX_LANGUAGE_STANDARD = "gnu++14";
				CLANG_CXX_LIBRARY = "libc++";
				CLANG_ENABLE_MODULES = YES;
				CLANG_ENABLE_OBJC_ARC = YES;
				CLANG_ENABLE_OBJC_WEAK = YES;
				CLANG_WARN_BLOCK_CAPTURE_AUTORELEASING = YES;
				CLANG_WARN_BOOL_CONVERSION = YES;
				CLANG_WARN_COMMA = YES;
				CLANG_WARN_CONSTANT_CONVERSION = YES;
				CLANG_WARN_DEPRECATED_OBJC_IMPLEMENTATIONS = YES;
				CLANG_WARN_DIRECT_OBJC_ISA_USAGE = YES_ERROR;
				CLANG_WARN_DOCUMENTATION_COMMENTS = YES;
				CLANG_WARN_EMPTY_BODY = YES;
				CLANG_WARN_ENUM_CONVERSION = YES;
				CLANG_WARN_INFINITE_RECURSION = YES;
				CLANG_WARN_INT_CONVERSION = YES;
				CLANG_WARN_NON_LITERAL_NULL_CONVERSION = YES;
				CLANG_WARN_OBJC_IMPLICIT_RETAIN_SELF = YES;
				CLANG_WARN_OBJC_LITERAL_CONVERSION = YES;
				CLANG_WARN_OBJC_ROOT_CLASS = YES_ERROR;
				CLANG_WARN_RANGE_LOOP_ANALYSIS = YES;
				CLANG_WARN_STRICT_PROTOTYPES = YES;
				CLANG_WARN_SUSPICIOUS_MOVE = YES;
				CLANG_WARN_UNGUARDED_AVAILABILITY = YES_AGGRESSIVE;
				CLANG_WARN_UNREACHABLE_CODE = YES;
				CLANG_WARN__DUPLICATE_METHOD_MATCH = YES;
				COPY_PHASE_STRIP = NO;
				DEBUG_INFORMATION_FORMAT = "dwarf-with-dsym";
				ENABLE_NS_ASSERTIONS = NO;
				ENABLE_STRICT_OBJC_MSGSEND = YES;
				GCC_C_LANGUAGE_STANDARD = gnu11;
				GCC_NO_COMMON_BLOCKS = YES;
				GCC_WARN_64_TO_32_BIT_CONVERSION = YES;
				GCC_WARN_ABOUT_RETURN_TYPE = YES_ERROR;
				GCC_WARN_UNDECLARED_SELECTOR = YES;
				GCC_WARN_UNINITIALIZED_AUTOS = YES_AGGRESSIVE;
				GCC_WARN_UNUSED_FUNCTION = YES;
				GCC_WARN_UNUSED_VARIABLE = YES;
				IPHONEOS_DEPLOYMENT_TARGET = 13.2;
				MTL_ENABLE_DEBUG_INFO = NO;
				MTL_FAST_MATH = YES;
				SDKROOT = iphoneos;
				SWIFT_COMPILATION_MODE = wholemodule;
				SWIFT_OPTIMIZATION_LEVEL = "-O";
				VALIDATE_PRODUCT = YES;
			};
			name = Release;
		};
		E5168E71248BBBDB0010EEA4 /* Debug */ = {
			isa = XCBuildConfiguration;
			buildSettings = {
				ASSETCATALOG_COMPILER_APPICON_NAME = AppIcon;
				CODE_SIGN_STYLE = Automatic;
				INFOPLIST_FILE = "Neumorphic Custom View/Info.plist";
				LD_RUNPATH_SEARCH_PATHS = (
					"$(inherited)",
					"@executable_path/Frameworks",
				);
				PRODUCT_BUNDLE_IDENTIFIER = "Sajal-Kaushik.Neumorphic-Custom-View";
				PRODUCT_NAME = "$(TARGET_NAME)";
				SWIFT_VERSION = 5.0;
				TARGETED_DEVICE_FAMILY = "1,2";
			};
			name = Debug;
		};
		E5168E72248BBBDB0010EEA4 /* Release */ = {
			isa = XCBuildConfiguration;
			buildSettings = {
				ASSETCATALOG_COMPILER_APPICON_NAME = AppIcon;
				CODE_SIGN_STYLE = Automatic;
				INFOPLIST_FILE = "Neumorphic Custom View/Info.plist";
				LD_RUNPATH_SEARCH_PATHS = (
					"$(inherited)",
					"@executable_path/Frameworks",
				);
				PRODUCT_BUNDLE_IDENTIFIER = "Sajal-Kaushik.Neumorphic-Custom-View";
				PRODUCT_NAME = "$(TARGET_NAME)";
				SWIFT_VERSION = 5.0;
				TARGETED_DEVICE_FAMILY = "1,2";
			};
			name = Release;
		};
/* End XCBuildConfiguration section */

/* Begin XCConfigurationList section */
		E5168E57248BBBC90010EEA4 /* Build configuration list for PBXProject "Neumorphic Custom View" */ = {
			isa = XCConfigurationList;
			buildConfigurations = (
				E5168E6E248BBBDB0010EEA4 /* Debug */,
				E5168E6F248BBBDB0010EEA4 /* Release */,
			);
			defaultConfigurationIsVisible = 0;
			defaultConfigurationName = Release;
		};
		E5168E70248BBBDB0010EEA4 /* Build configuration list for PBXNativeTarget "Neumorphic Custom View" */ = {
			isa = XCConfigurationList;
			buildConfigurations = (
				E5168E71248BBBDB0010EEA4 /* Debug */,
				E5168E72248BBBDB0010EEA4 /* Release */,
			);
			defaultConfigurationIsVisible = 0;
			defaultConfigurationName = Release;
		};
/* End XCConfigurationList section */
	};
	rootObject = E5168E54248BBBC90010EEA4 /* Project object */;
}
